{
  "nodes": {
    "emacs-src": {
      "flake": false,
      "locked": {
        "lastModified": 1669413166,
        "narHash": "sha256-bFIthtujqW0Ri0zhyfI612cTf+LRhsMbk/CI+kL2GeQ=",
        "owner": "emacs-mirror",
        "repo": "emacs",
        "rev": "2389158a31b4a126a328146399fe7ef304c97fef",
        "type": "github"
      },
      "original": {
        "owner": "emacs-mirror",
        "repo": "emacs",
        "type": "github"
      }
    },
    "emacs-vterm-src": {
      "flake": false,
      "locked": {
        "lastModified": 1668779692,
        "narHash": "sha256-dNW3eXgFgah7eIug+MqXTl59HfSbM5HLKwHdp1CAmyo=",
        "owner": "akermu",
        "repo": "emacs-libvterm",
        "rev": "f14d113ee4618f052879509ec378feb9766b871b",
        "type": "github"
      },
      "original": {
        "owner": "akermu",
        "repo": "emacs-libvterm",
        "type": "github"
      }
    },
    "nixpkgs": {
      "locked": {
        "lastModified": 1669387357,
        "narHash": "sha256-z1azVj/5Em5kGhh9OgBOsjTEgMab7hXL/aRilH9tzyI=",
        "owner": "nixos",
        "repo": "nixpkgs",
        "rev": "55b3f68bda6d4f4dc6092eed0508063f154fa4fd",
        "type": "github"
      },
      "original": {
        "owner": "nixos",
        "ref": "nixpkgs-unstable",
        "repo": "nixpkgs",
        "type": "github"
      }
    },
    "root": {
      "inputs": {
        "emacs-src": "emacs-src",
        "emacs-vterm-src": "emacs-vterm-src",
        "nixpkgs": "nixpkgs"
      }
    }
  },
  "root": "root",
  "version": 7
}
