{
  "nodes": {
    "emacs-src": {
      "flake": false,
      "locked": {
        "lastModified": 1679251887,
        "narHash": "sha256-cF1sY9b3H7+4/LrTzgHkzAhohtcsQQsNnMC9BAA+eGk=",
        "owner": "emacs-mirror",
        "repo": "emacs",
        "rev": "3748c8a62e80e9bbd41fb307e5a4b1ec84e642b9",
        "type": "github"
      },
      "original": {
        "owner": "emacs-mirror",
        "repo": "emacs",
        "type": "github"
      }
    },
    "emacs-vterm-src": {
      "flake": false,
      "locked": {
        "lastModified": 1676600925,
        "narHash": "sha256-c3puNJ0YATQkT3tjQ22PPmMonNzTp6SPzzheS7m1pd8=",
        "owner": "akermu",
        "repo": "emacs-libvterm",
        "rev": "3e5a9b754b8e61850bb7d1b63b090b9fbf6687f3",
        "type": "github"
      },
      "original": {
        "owner": "akermu",
        "repo": "emacs-libvterm",
        "type": "github"
      }
    },
    "nixpkgs": {
      "locked": {
        "lastModified": 1679198465,
        "narHash": "sha256-VfXpHpniNWgg7pBzxb20pRX7kqn80LApPDQYTReiFCw=",
        "owner": "nixos",
        "repo": "nixpkgs",
        "rev": "5a05160f7671434e1c833b1b01284b876e04eca4",
        "type": "github"
      },
      "original": {
        "owner": "nixos",
        "ref": "nixpkgs-unstable",
        "repo": "nixpkgs",
        "type": "github"
      }
    },
    "root": {
      "inputs": {
        "emacs-src": "emacs-src",
        "emacs-vterm-src": "emacs-vterm-src",
        "nixpkgs": "nixpkgs"
      }
    }
  },
  "root": "root",
  "version": 7
}
