{
  "nodes": {
    "emacs-src": {
      "flake": false,
      "locked": {
        "lastModified": 1680714762,
        "narHash": "sha256-JGvI4JUaWQkIWFAZgmBuG1x2Tph6waPlxRsq1vWGMeE=",
        "owner": "emacs-mirror",
        "repo": "emacs",
        "rev": "fa669c4b17c04eff852eb23a6179ccb8fab864db",
        "type": "github"
      },
      "original": {
        "owner": "emacs-mirror",
        "repo": "emacs",
        "type": "github"
      }
    },
    "emacs-vterm-src": {
      "flake": false,
      "locked": {
        "lastModified": 1676600925,
        "narHash": "sha256-c3puNJ0YATQkT3tjQ22PPmMonNzTp6SPzzheS7m1pd8=",
        "owner": "akermu",
        "repo": "emacs-libvterm",
        "rev": "3e5a9b754b8e61850bb7d1b63b090b9fbf6687f3",
        "type": "github"
      },
      "original": {
        "owner": "akermu",
        "repo": "emacs-libvterm",
        "type": "github"
      }
    },
    "nixpkgs": {
      "locked": {
        "lastModified": 1680668850,
        "narHash": "sha256-mQMg13yRsS0LXVzaeoSPwqgPO6yhkGzGewPgMSqXSv8=",
        "owner": "nixos",
        "repo": "nixpkgs",
        "rev": "4a65e9f64e53fdca6eed31adba836717a11247d2",
        "type": "github"
      },
      "original": {
        "owner": "nixos",
        "ref": "nixpkgs-unstable",
        "repo": "nixpkgs",
        "type": "github"
      }
    },
    "root": {
      "inputs": {
        "emacs-src": "emacs-src",
        "emacs-vterm-src": "emacs-vterm-src",
        "nixpkgs": "nixpkgs"
      }
    }
  },
  "root": "root",
  "version": 7
}
